<?xml version="1.0" encoding="utf-8"?>
<Project ToolsVersion="4.0" xmlns="http://schemas.microsoft.com/developer/msbuild/2003">
  <ItemGroup>
    <Filter Include="Source Files">
      <UniqueIdentifier>{4FC737F1-C7A5-4376-A066-2A32D752A2FF}</UniqueIdentifier>
      <Extensions>cpp;cxx;c;def</Extensions>
    </Filter>
    <Filter Include="Header Files">
      <UniqueIdentifier>{93995380-89BD-4b04-88EB-625FBE52EBFB}</UniqueIdentifier>
      <Extensions>h</Extensions>
    </Filter>
    <Filter Include="Form Files">
      <UniqueIdentifier>{99349809-55BA-4b9d-BF79-8FDBB0286EB3}</UniqueIdentifier>
      <Extensions>ui</Extensions>
    </Filter>
    <Filter Include="Resource Files">
      <UniqueIdentifier>{D9D6E242-F8AF-46E4-B9FD-80ECBC20BA3E}</UniqueIdentifier>
      <Extensions>qrc;*</Extensions>
      <ParseFiles>false</ParseFiles>
    </Filter>
    <Filter Include="Generated Files">
      <UniqueIdentifier>{71ED8ED8-ACB9-4CE9-BBE1-E00B30144E11}</UniqueIdentifier>
      <Extensions>moc;h;cpp</Extensions>
      <SourceControlFiles>False</SourceControlFiles>
    </Filter>
    <Filter Include="Generated Files\Debug">
      <UniqueIdentifier>{1fe0b323-817d-4b22-ab24-01643e64504d}</UniqueIdentifier>
      <Extensions>cpp;moc</Extensions>
      <SourceControlFiles>False</SourceControlFiles>
    </Filter>
    <Filter Include="Generated Files\Release">
      <UniqueIdentifier>{bfbf4bc0-e03a-40b3-90c6-2024e4169b10}</UniqueIdentifier>
      <Extensions>cpp;moc</Extensions>
      <SourceControlFiles>False</SourceControlFiles>
    </Filter>
    <Filter Include="Translation Files">
      <UniqueIdentifier>{639EADAA-A684-42e4-A9AD-28FC9BCB8F7C}</UniqueIdentifier>
      <Extensions>ts</Extensions>
      <ParseFiles>false</ParseFiles>
    </Filter>
  </ItemGroup>
  <ItemGroup>
    <CustomBuild Include="Common\About.qrc">
      <Filter>Resource Files</Filter>
    </CustomBuild>
    <CustomBuild Include="MainWindow.qrc">
      <Filter>Resource Files</Filter>
    </CustomBuild>
    <CustomBuild Include="Common\About.ui">
      <Filter>Form Files</Filter>
    </CustomBuild>
    <CustomBuild Include="ConnectionDialog.ui">
      <Filter>Form Files</Filter>
    </CustomBuild>
    <CustomBuild Include="FolderDialog.ui">
      <Filter>Form Files</Filter>
    </CustomBuild>
    <CustomBuild Include="MainWindow.ui">
      <Filter>Form Files</Filter>
    </CustomBuild>
    <CustomBuild Include="Common\About.h">
      <Filter>Header Files</Filter>
    </CustomBuild>
    <CustomBuild Include="ConnectionDialog.h">
      <Filter>Header Files</Filter>
    </CustomBuild>
    <CustomBuild Include="FolderDialog.h">
      <Filter>Header Files</Filter>
    </CustomBuild>
    <CustomBuild Include="MainWindow.h">
      <Filter>Header Files</Filter>
    </CustomBuild>
    <CustomBuild Include="Synchronize.h">
      <Filter>Header Files</Filter>
    </CustomBuild>
  </ItemGroup>
  <ItemGroup>
    <Image Include="Common\About\Isshou.jpg">
      <Filter>Resource Files</Filter>
    </Image>
    <Image Include="Images\MainWindow\ConnectionInfo\No.png">
      <Filter>Resource Files</Filter>
    </Image>
    <Image Include="Images\MainWindow\ConnectionInfo\Yes.png">
      <Filter>Resource Files</Filter>
    </Image>
    <Image Include="Images\MainWindow\Connections\Connection.png">
      <Filter>Resource Files</Filter>
    </Image>
    <Image Include="Images\MainWindow\Connections\Folder.png">
      <Filter>Resource Files</Filter>
    </Image>
    <Image Include="Images\MainWindow\MainWindow\FTPSynchronizer.png">
      <Filter>Resource Files</Filter>
    </Image>
    <Image Include="Images\MainWindow\menubar\About.png">
      <Filter>Resource Files</Filter>
    </Image>
    <Image Include="Images\MainWindow\menubar\Add Connection.png">
      <Filter>Resource Files</Filter>
    </Image>
    <Image Include="Images\MainWindow\menubar\Add Folder.png">
      <Filter>Resource Files</Filter>
    </Image>
    <Image Include="Images\MainWindow\menubar\Add.png">
      <Filter>Resource Files</Filter>
    </Image>
    <Image Include="Images\MainWindow\menubar\Edit.png">
      <Filter>Resource Files</Filter>
    </Image>
    <Image Include="Images\MainWindow\menubar\Exit.png">
      <Filter>Resource Files</Filter>
    </Image>
    <Image Include="Images\MainWindow\menubar\Remove.png">
      <Filter>Resource Files</Filter>
    </Image>
    <Image Include="Images\MainWindow\toolBar\Start.png">
      <Filter>Resource Files</Filter>
    </Image>
    <Image Include="Images\MainWindow\toolBar\Stop.png">
      <Filter>Resource Files</Filter>
    </Image>
  </ItemGroup>
  <ItemGroup>
    <ClCompile Include="Common\About.cpp">
      <Filter>Source Files</Filter>
    </ClCompile>
    <ClCompile Include="Common\CommandLine.cpp">
      <Filter>Source Files</Filter>
    </ClCompile>
    <ClCompile Include="ConnectionDialog.cpp">
      <Filter>Source Files</Filter>
    </ClCompile>
    <ClCompile Include="Connections.cpp">
      <Filter>Source Files</Filter>
    </ClCompile>
    <ClCompile Include="FolderDialog.cpp">
      <Filter>Source Files</Filter>
    </ClCompile>
    <ClCompile Include="FTPSynchronizer.cpp">
      <Filter>Source Files</Filter>
    </ClCompile>
    <ClCompile Include="MainWindow.cpp">
      <Filter>Source Files</Filter>
    </ClCompile>
    <ClCompile Include="Synchronize.cpp">
      <Filter>Source Files</Filter>
    </ClCompile>
    <ClCompile Include="Common\System.cpp">
      <Filter>Source Files</Filter>
    </ClCompile>
    <ClCompile Include="Common\XMLTools.cpp">
      <Filter>Source Files</Filter>
    </ClCompile>
    <ClCompile Include="..\temp\GeneratedFiles\Debug\moc_Synchronize.cpp">
      <Filter>Generated Files\Debug</Filter>
    </ClCompile>
    <ClCompile Include="..\temp\GeneratedFiles\Release\moc_Synchronize.cpp">
      <Filter>Generated Files\Release</Filter>
    </ClCompile>
    <ClCompile Include="..\temp\GeneratedFiles\Debug\moc_MainWindow.cpp">
      <Filter>Generated Files\Debug</Filter>
    </ClCompile>
    <ClCompile Include="..\temp\GeneratedFiles\Release\moc_MainWindow.cpp">
      <Filter>Generated Files\Release</Filter>
    </ClCompile>
    <ClCompile Include="..\temp\GeneratedFiles\Debug\moc_FolderDialog.cpp">
      <Filter>Generated Files\Debug</Filter>
    </ClCompile>
    <ClCompile Include="..\temp\GeneratedFiles\Release\moc_FolderDialog.cpp">
      <Filter>Generated Files\Release</Filter>
    </ClCompile>
    <ClCompile Include="..\temp\GeneratedFiles\Debug\moc_ConnectionDialog.cpp">
      <Filter>Generated Files\Debug</Filter>
    </ClCompile>
    <ClCompile Include="..\temp\GeneratedFiles\Release\moc_ConnectionDialog.cpp">
      <Filter>Generated Files\Release</Filter>
    </ClCompile>
    <ClCompile Include="..\temp\GeneratedFiles\Debug\moc_About.cpp">
      <Filter>Generated Files\Debug</Filter>
    </ClCompile>
    <ClCompile Include="..\temp\GeneratedFiles\Release\moc_About.cpp">
      <Filter>Generated Files\Release</Filter>
    </ClCompile>
    <ClCompile Include="..\temp\GeneratedFiles\ftpsynchronizer\qrc_About.cpp">
      <Filter>Generated Files</Filter>
    </ClCompile>
    <ClCompile Include="..\temp\GeneratedFiles\ftpsynchronizer\qrc_MainWindow.cpp">
      <Filter>Generated Files</Filter>
    </ClCompile>
  </ItemGroup>
  <ItemGroup>
    <ClInclude Include="Common\CommandLine.h">
      <Filter>Header Files</Filter>
    </ClInclude>
    <ClInclude Include="Connections.h">
      <Filter>Header Files</Filter>
    </ClInclude>
    <ClInclude Include="resource.h">
      <Filter>Header Files</Filter>
    </ClInclude>
    <ClInclude Include="Common\System.h">
      <Filter>Header Files</Filter>
    </ClInclude>
    <ClInclude Include="Common\XMLTools.h">
      <Filter>Header Files</Filter>
    </ClInclude>
    <ClInclude Include="..\temp\GeneratedFiles\ftpsynchronizer\ui_About.h">
      <Filter>Generated Files</Filter>
    </ClInclude>
    <ClInclude Include="..\temp\GeneratedFiles\ftpsynchronizer\ui_ConnectionDialog.h">
      <Filter>Generated Files</Filter>
    </ClInclude>
    <ClInclude Include="..\temp\GeneratedFiles\ftpsynchronizer\ui_FolderDialog.h">
      <Filter>Generated Files</Filter>
    </ClInclude>
    <ClInclude Include="..\temp\GeneratedFiles\ftpsynchronizer\ui_MainWindow.h">
      <Filter>Generated Files</Filter>
    </ClInclude>
  </ItemGroup>
  <ItemGroup>
    <None Include="FTPSynchronizer_cs_CZ.ts">
      <Filter>Translation Files</Filter>
    </None>
  </ItemGroup>
  <ItemGroup>
    <ResourceCompile Include="FTPSynchronizer.rc">
      <Filter>Resource Files</Filter>
    </ResourceCompile>
  </ItemGroup>
</Project>